
Microsoft Visual Studio Solution File, Format Version 12.00
# Visual Studio Version 16
VisualStudioVersion = 16.0.30523.141
MinimumVisualStudioVersion = 10.0.40219.1
Project("{FAE04EC0-301F-11D3-BF4B-00C04F79EFBC}") = "Atvd6 - Menu e Metodos", "Atvd6 - Menu e Metodos\Atvd6 - Menu e Metodos.csproj", "{66C8D6C4-0CC6-404E-960F-2CE6F03AB1FA}"
EndProject
Global
	GlobalSection(SolutionConfigurationPlatforms) = preSolution
		Debug|Any CPU = Debug|Any CPU
		Release|Any CPU = Release|Any CPU
	EndGlobalSection
	GlobalSection(ProjectConfigurationPlatforms) = postSolution
		{66C8D6C4-0CC6-404E-960F-2CE6F03AB1FA}.Debug|Any CPU.ActiveCfg = Debug|Any CPU
		{66C8D6C4-0CC6-404E-960F-2CE6F03AB1FA}.Debug|Any CPU.Build.0 = Debug|Any CPU
		{66C8D6C4-0CC6-404E-960F-2CE6F03AB1FA}.Release|Any CPU.ActiveCfg = Release|Any CPU
		{66C8D6C4-0CC6-404E-960F-2CE6F03AB1FA}.Release|Any CPU.Build.0 = Release|Any CPU
	EndGlobalSection
	GlobalSection(SolutionProperties) = preSolution
		HideSolutionNode = FALSE
	EndGlobalSection
	GlobalSection(ExtensibilityGlobals) = postSolution
		SolutionGuid = {34FAFA25-3D2F-4D9C-8BF5-EC47BB5704A8}
	EndGlobalSection
EndGlobal
