
Microsoft Visual Studio Solution File, Format Version 12.00
# Visual Studio Version 16
VisualStudioVersion = 16.0.30523.141
MinimumVisualStudioVersion = 10.0.40219.1
Project("{FAE04EC0-301F-11D3-BF4B-00C04F79EFBC}") = "Atvd5 - Desconto", "Atvd5 - Desconto\Atvd5 - Desconto.csproj", "{004056D0-B115-4DCE-B356-AE1307F25965}"
EndProject
Global
	GlobalSection(SolutionConfigurationPlatforms) = preSolution
		Debug|Any CPU = Debug|Any CPU
		Release|Any CPU = Release|Any CPU
	EndGlobalSection
	GlobalSection(ProjectConfigurationPlatforms) = postSolution
		{004056D0-B115-4DCE-B356-AE1307F25965}.Debug|Any CPU.ActiveCfg = Debug|Any CPU
		{004056D0-B115-4DCE-B356-AE1307F25965}.Debug|Any CPU.Build.0 = Debug|Any CPU
		{004056D0-B115-4DCE-B356-AE1307F25965}.Release|Any CPU.ActiveCfg = Release|Any CPU
		{004056D0-B115-4DCE-B356-AE1307F25965}.Release|Any CPU.Build.0 = Release|Any CPU
	EndGlobalSection
	GlobalSection(SolutionProperties) = preSolution
		HideSolutionNode = FALSE
	EndGlobalSection
	GlobalSection(ExtensibilityGlobals) = postSolution
		SolutionGuid = {0058AB44-5AD7-4C6F-8F6A-1D1B1EB41648}
	EndGlobalSection
EndGlobal
